
Microsoft Visual Studio Solution File, Format Version 12.00
# Visual Studio 14
VisualStudioVersion = 14.0.25123.0
MinimumVisualStudioVersion = 10.0.40219.1
Project("{FAE04EC0-301F-11D3-BF4B-00C04F79EFBC}") = "ProjetoBackEnd", "ProjetoBackEnd\ProjetoBackEnd.csproj", "{4698B1F4-30D9-4A0E-A085-CCB378348CD2}"
EndProject
Project("{FAE04EC0-301F-11D3-BF4B-00C04F79EFBC}") = "ProjetoFrontEnd", "ProjetoFrontEnd\ProjetoFrontEnd.csproj", "{CD829C7B-16FF-4130-A551-1309C589F0CB}"
EndProject
Global
	GlobalSection(SolutionConfigurationPlatforms) = preSolution
		Debug|Any CPU = Debug|Any CPU
		Release|Any CPU = Release|Any CPU
	EndGlobalSection
	GlobalSection(ProjectConfigurationPlatforms) = postSolution
		{4698B1F4-30D9-4A0E-A085-CCB378348CD2}.Debug|Any CPU.ActiveCfg = Debug|Any CPU
		{4698B1F4-30D9-4A0E-A085-CCB378348CD2}.Debug|Any CPU.Build.0 = Debug|Any CPU
		{4698B1F4-30D9-4A0E-A085-CCB378348CD2}.Release|Any CPU.ActiveCfg = Release|Any CPU
		{4698B1F4-30D9-4A0E-A085-CCB378348CD2}.Release|Any CPU.Build.0 = Release|Any CPU
		{CD829C7B-16FF-4130-A551-1309C589F0CB}.Debug|Any CPU.ActiveCfg = Debug|Any CPU
		{CD829C7B-16FF-4130-A551-1309C589F0CB}.Debug|Any CPU.Build.0 = Debug|Any CPU
		{CD829C7B-16FF-4130-A551-1309C589F0CB}.Release|Any CPU.ActiveCfg = Release|Any CPU
		{CD829C7B-16FF-4130-A551-1309C589F0CB}.Release|Any CPU.Build.0 = Release|Any CPU
	EndGlobalSection
	GlobalSection(SolutionProperties) = preSolution
		HideSolutionNode = FALSE
	EndGlobalSection
EndGlobal
